
Microsoft Visual Studio Solution File, Format Version 12.00
# Visual Studio 15
VisualStudioVersion = 15.0.28010.2048
MinimumVisualStudioVersion = 10.0.40219.1
Project("{FAE04EC0-301F-11D3-BF4B-00C04F79EFBC}") = "Inheritance", "Inheritance\Inheritance.csproj", "{7C6420E8-80EE-444E-83E2-F33B878AD385}"
EndProject
Global
	GlobalSection(SolutionConfigurationPlatforms) = preSolution
		Debug|Any CPU = Debug|Any CPU
		Release|Any CPU = Release|Any CPU
	EndGlobalSection
	GlobalSection(ProjectConfigurationPlatforms) = postSolution
		{7C6420E8-80EE-444E-83E2-F33B878AD385}.Debug|Any CPU.ActiveCfg = Debug|Any CPU
		{7C6420E8-80EE-444E-83E2-F33B878AD385}.Debug|Any CPU.Build.0 = Debug|Any CPU
		{7C6420E8-80EE-444E-83E2-F33B878AD385}.Release|Any CPU.ActiveCfg = Release|Any CPU
		{7C6420E8-80EE-444E-83E2-F33B878AD385}.Release|Any CPU.Build.0 = Release|Any CPU
	EndGlobalSection
	GlobalSection(SolutionProperties) = preSolution
		HideSolutionNode = FALSE
	EndGlobalSection
	GlobalSection(ExtensibilityGlobals) = postSolution
		SolutionGuid = {A358B393-0CA5-4210-A5B7-FE1B13420C9D}
	EndGlobalSection
EndGlobal
